<Solution>
  <Project Path="RewardSystem API/RewardSystem API.csproj" Id="e4d78527-68f5-4508-a7a1-6e68c0a701d8" />
  <Project Path="RewardSystem Test/RewardSystem Test.csproj" />
  <Project Path="RewardSystem_Application/RewardSystem_Application.csproj" />
  <Project Path="Rewardsystem_Domain/Rewardsystem_Domain.csproj" />
  <Project Path="RewardSystem_Infrastructure/RewardSystem_Infrastructure.csproj" />
</Solution>
